// !$*UTF8*$!
{
	archiveVersion = 1;
	classes = {
	};
	objectVersion = 46;
	objects = {

/* Begin PBXBuildFile section */
		2100C8E41A9FAC8200EB0FDC /* CartsShowViewController.swift in Sources */ = {isa = PBXBuildFile; fileRef = 2100C8E31A9FAC8200EB0FDC /* CartsShowViewController.swift */; };
		21C280571A9DE67F007FCE46 /* AppDelegate.swift in Sources */ = {isa = PBXBuildFile; fileRef = 21C280561A9DE67F007FCE46 /* AppDelegate.swift */; };
		21C280591A9DE67F007FCE46 /* ViewController.swift in Sources */ = {isa = PBXBuildFile; fileRef = 21C280581A9DE67F007FCE46 /* ViewController.swift */; };
		21C2805E1A9DE67F007FCE46 /* Images.xcassets in Resources */ = {isa = PBXBuildFile; fileRef = 21C2805D1A9DE67F007FCE46 /* Images.xcassets */; };
		21C2806D1A9DE67F007FCE46 /* sampleTests.swift in Sources */ = {isa = PBXBuildFile; fileRef = 21C2806C1A9DE67F007FCE46 /* sampleTests.swift */; };
		21C280771A9DE968007FCE46 /* ProductsShowViewController.swift in Sources */ = {isa = PBXBuildFile; fileRef = 21C280761A9DE967007FCE46 /* ProductsShowViewController.swift */; };
/* End PBXBuildFile section */

/* Begin PBXContainerItemProxy section */
		21C280671A9DE67F007FCE46 /* PBXContainerItemProxy */ = {
			isa = PBXContainerItemProxy;
			containerPortal = 21C280491A9DE67F007FCE46 /* Project object */;
			proxyType = 1;
			remoteGlobalIDString = 21C280501A9DE67F007FCE46;
			remoteInfo = sample;
		};
/* End PBXContainerItemProxy section */

/* Begin PBXFileReference section */
		2100C8E31A9FAC8200EB0FDC /* CartsShowViewController.swift */ = {isa = PBXFileReference; fileEncoding = 4; lastKnownFileType = sourcecode.swift; path = CartsShowViewController.swift; sourceTree = "<group>"; };
		21C280511A9DE67F007FCE46 /* sample.app */ = {isa = PBXFileReference; explicitFileType = wrapper.application; includeInIndex = 0; path = sample.app; sourceTree = BUILT_PRODUCTS_DIR; };
		21C280551A9DE67F007FCE46 /* Info.plist */ = {isa = PBXFileReference; lastKnownFileType = text.plist.xml; path = Info.plist; sourceTree = "<group>"; };
		21C280561A9DE67F007FCE46 /* AppDelegate.swift */ = {isa = PBXFileReference; lastKnownFileType = sourcecode.swift; path = AppDelegate.swift; sourceTree = "<group>"; };
		21C280581A9DE67F007FCE46 /* ViewController.swift */ = {isa = PBXFileReference; lastKnownFileType = sourcecode.swift; path = ViewController.swift; sourceTree = "<group>"; };
		21C2805D1A9DE67F007FCE46 /* Images.xcassets */ = {isa = PBXFileReference; lastKnownFileType = folder.assetcatalog; path = Images.xcassets; sourceTree = "<group>"; };
		21C280661A9DE67F007FCE46 /* sampleTests.xctest */ = {isa = PBXFileReference; explicitFileType = wrapper.cfbundle; includeInIndex = 0; path = sampleTests.xctest; sourceTree = BUILT_PRODUCTS_DIR; };
		21C2806B1A9DE67F007FCE46 /* Info.plist */ = {isa = PBXFileReference; lastKnownFileType = text.plist.xml; path = Info.plist; sourceTree = "<group>"; };
		21C2806C1A9DE67F007FCE46 /* sampleTests.swift */ = {isa = PBXFileReference; lastKnownFileType = sourcecode.swift; path = sampleTests.swift; sourceTree = "<group>"; };
		21C280761A9DE967007FCE46 /* ProductsShowViewController.swift */ = {isa = PBXFileReference; fileEncoding = 4; lastKnownFileType = sourcecode.swift; path = ProductsShowViewController.swift; sourceTree = "<group>"; };
/* End PBXFileReference section */

/* Begin PBXFrameworksBuildPhase section */
		21C2804E1A9DE67F007FCE46 /* Frameworks */ = {
			isa = PBXFrameworksBuildPhase;
			buildActionMask = 2147483647;
			files = (
			);
			runOnlyForDeploymentPostprocessing = 0;
		};
		21C280631A9DE67F007FCE46 /* Frameworks */ = {
			isa = PBXFrameworksBuildPhase;
			buildActionMask = 2147483647;
			files = (
			);
			runOnlyForDeploymentPostprocessing = 0;
		};
/* End PBXFrameworksBuildPhase section */

/* Begin PBXGroup section */
		21C280481A9DE67F007FCE46 = {
			isa = PBXGroup;
			children = (
				21C280531A9DE67F007FCE46 /* sample */,
				21C280691A9DE67F007FCE46 /* sampleTests */,
				21C280521A9DE67F007FCE46 /* Products */,
			);
			sourceTree = "<group>";
		};
		21C280521A9DE67F007FCE46 /* Products */ = {
			isa = PBXGroup;
			children = (
				21C280511A9DE67F007FCE46 /* sample.app */,
				21C280661A9DE67F007FCE46 /* sampleTests.xctest */,
			);
			name = Products;
			sourceTree = "<group>";
		};
		21C280531A9DE67F007FCE46 /* sample */ = {
			isa = PBXGroup;
			children = (
				21C280561A9DE67F007FCE46 /* AppDelegate.swift */,
				21C280581A9DE67F007FCE46 /* ViewController.swift */,
				21C280761A9DE967007FCE46 /* ProductsShowViewController.swift */,
				2100C8E31A9FAC8200EB0FDC /* CartsShowViewController.swift */,
				21C2805D1A9DE67F007FCE46 /* Images.xcassets */,
				21C280541A9DE67F007FCE46 /* Supporting Files */,
			);
			path = sample;
			sourceTree = "<group>";
		};
		21C280541A9DE67F007FCE46 /* Supporting Files */ = {
			isa = PBXGroup;
			children = (
				21C280551A9DE67F007FCE46 /* Info.plist */,
			);
			name = "Supporting Files";
			sourceTree = "<group>";
		};
		21C280691A9DE67F007FCE46 /* sampleTests */ = {
			isa = PBXGroup;
			children = (
				21C2806C1A9DE67F007FCE46 /* sampleTests.swift */,
				21C2806A1A9DE67F007FCE46 /* Supporting Files */,
			);
			path = sampleTests;
			sourceTree = "<group>";
		};
		21C2806A1A9DE67F007FCE46 /* Supporting Files */ = {
			isa = PBXGroup;
			children = (
				21C2806B1A9DE67F007FCE46 /* Info.plist */,
			);
			name = "Supporting Files";
			sourceTree = "<group>";
		};
/* End PBXGroup section */

/* Begin PBXNativeTarget section */
		21C280501A9DE67F007FCE46 /* sample */ = {
			isa = PBXNativeTarget;
			buildConfigurationList = 21C280701A9DE67F007FCE46 /* Build configuration list for PBXNativeTarget "sample" */;
			buildPhases = (
				21C2804D1A9DE67F007FCE46 /* Sources */,
				21C2804E1A9DE67F007FCE46 /* Frameworks */,
				21C2804F1A9DE67F007FCE46 /* Resources */,
			);
			buildRules = (
			);
			dependencies = (
			);
			name = sample;
			productName = sample;
			productReference = 21C280511A9DE67F007FCE46 /* sample.app */;
			productType = "com.apple.product-type.application";
		};
		21C280651A9DE67F007FCE46 /* sampleTests */ = {
			isa = PBXNativeTarget;
			buildConfigurationList = 21C280731A9DE67F007FCE46 /* Build configuration list for PBXNativeTarget "sampleTests" */;
			buildPhases = (
				21C280621A9DE67F007FCE46 /* Sources */,
				21C280631A9DE67F007FCE46 /* Frameworks */,
				21C280641A9DE67F007FCE46 /* Resources */,
			);
			buildRules = (
			);
			dependencies = (
				21C280681A9DE67F007FCE46 /* PBXTargetDependency */,
			);
			name = sampleTests;
			productName = sampleTests;
			productReference = 21C280661A9DE67F007FCE46 /* sampleTests.xctest */;
			productType = "com.apple.product-type.bundle.unit-test";
		};
/* End PBXNativeTarget section */

/* Begin PBXProject section */
		21C280491A9DE67F007FCE46 /* Project object */ = {
			isa = PBXProject;
			attributes = {
				LastUpgradeCheck = 0610;
				ORGANIZATIONNAME = deeeki;
				TargetAttributes = {
					21C280501A9DE67F007FCE46 = {
						CreatedOnToolsVersion = 6.1;
					};
					21C280651A9DE67F007FCE46 = {
						CreatedOnToolsVersion = 6.1;
						TestTargetID = 21C280501A9DE67F007FCE46;
					};
				};
			};
			buildConfigurationList = 21C2804C1A9DE67F007FCE46 /* Build configuration list for PBXProject "sample" */;
			compatibilityVersion = "Xcode 3.2";
			developmentRegion = English;
			hasScannedForEncodings = 0;
			knownRegions = (
				en,
				Base,
			);
			mainGroup = 21C280481A9DE67F007FCE46;
			productRefGroup = 21C280521A9DE67F007FCE46 /* Products */;
			projectDirPath = "";
			projectRoot = "";
			targets = (
				21C280501A9DE67F007FCE46 /* sample */,
				21C280651A9DE67F007FCE46 /* sampleTests */,
			);
		};
/* End PBXProject section */

/* Begin PBXResourcesBuildPhase section */
		21C2804F1A9DE67F007FCE46 /* Resources */ = {
			isa = PBXResourcesBuildPhase;
			buildActionMask = 2147483647;
			files = (
				21C2805E1A9DE67F007FCE46 /* Images.xcassets in Resources */,
			);
			runOnlyForDeploymentPostprocessing = 0;
		};
		21C280641A9DE67F007FCE46 /* Resources */ = {
			isa = PBXResourcesBuildPhase;
			buildActionMask = 2147483647;
			files = (
			);
			runOnlyForDeploymentPostprocessing = 0;
		};
/* End PBXResourcesBuildPhase section */

/* Begin PBXSourcesBuildPhase section */
		21C2804D1A9DE67F007FCE46 /* Sources */ = {
			isa = PBXSourcesBuildPhase;
			buildActionMask = 2147483647;
			files = (
				21C280771A9DE968007FCE46 /* ProductsShowViewController.swift in Sources */,
				2100C8E41A9FAC8200EB0FDC /* CartsShowViewController.swift in Sources */,
				21C280591A9DE67F007FCE46 /* ViewController.swift in Sources */,
				21C280571A9DE67F007FCE46 /* AppDelegate.swift in Sources */,
			);
			runOnlyForDeploymentPostprocessing = 0;
		};
		21C280621A9DE67F007FCE46 /* Sources */ = {
			isa = PBXSourcesBuildPhase;
			buildActionMask = 2147483647;
			files = (
				21C2806D1A9DE67F007FCE46 /* sampleTests.swift in Sources */,
			);
			runOnlyForDeploymentPostprocessing = 0;
		};
/* End PBXSourcesBuildPhase section */

/* Begin PBXTargetDependency section */
		21C280681A9DE67F007FCE46 /* PBXTargetDependency */ = {
			isa = PBXTargetDependency;
			target = 21C280501A9DE67F007FCE46 /* sample */;
			targetProxy = 21C280671A9DE67F007FCE46 /* PBXContainerItemProxy */;
		};
/* End PBXTargetDependency section */

/* Begin XCBuildConfiguration section */
		21C2806E1A9DE67F007FCE46 /* Debug */ = {
			isa = XCBuildConfiguration;
			buildSettings = {
				ALWAYS_SEARCH_USER_PATHS = NO;
				CLANG_CXX_LANGUAGE_STANDARD = "gnu++0x";
				CLANG_CXX_LIBRARY = "libc++";
				CLANG_ENABLE_MODULES = YES;
				CLANG_ENABLE_OBJC_ARC = YES;
				CLANG_WARN_BOOL_CONVERSION = YES;
				CLANG_WARN_CONSTANT_CONVERSION = YES;
				CLANG_WARN_DIRECT_OBJC_ISA_USAGE = YES_ERROR;
				CLANG_WARN_EMPTY_BODY = YES;
				CLANG_WARN_ENUM_CONVERSION = YES;
				CLANG_WARN_INT_CONVERSION = YES;
				CLANG_WARN_OBJC_ROOT_CLASS = YES_ERROR;
				CLANG_WARN_UNREACHABLE_CODE = YES;
				CLANG_WARN__DUPLICATE_METHOD_MATCH = YES;
				"CODE_SIGN_IDENTITY[sdk=iphoneos*]" = "iPhone Developer";
				COPY_PHASE_STRIP = NO;
				ENABLE_STRICT_OBJC_MSGSEND = YES;
				GCC_C_LANGUAGE_STANDARD = gnu99;
				GCC_DYNAMIC_NO_PIC = NO;
				GCC_OPTIMIZATION_LEVEL = 0;
				GCC_PREPROCESSOR_DEFINITIONS = (
					"DEBUG=1",
					"$(inherited)",
				);
				GCC_SYMBOLS_PRIVATE_EXTERN = NO;
				GCC_WARN_64_TO_32_BIT_CONVERSION = YES;
				GCC_WARN_ABOUT_RETURN_TYPE = YES_ERROR;
				GCC_WARN_UNDECLARED_SELECTOR = YES;
				GCC_WARN_UNINITIALIZED_AUTOS = YES_AGGRESSIVE;
				GCC_WARN_UNUSED_FUNCTION = YES;
				GCC_WARN_UNUSED_VARIABLE = YES;
				IPHONEOS_DEPLOYMENT_TARGET = 8.1;
				MTL_ENABLE_DEBUG_INFO = YES;
				ONLY_ACTIVE_ARCH = YES;
				SDKROOT = iphoneos;
				SWIFT_OPTIMIZATION_LEVEL = "-Onone";
				TARGETED_DEVICE_FAMILY = "1,2";
			};
			name = Debug;
		};
		21C2806F1A9DE67F007FCE46 /* Release */ = {
			isa = XCBuildConfiguration;
			buildSettings = {
				ALWAYS_SEARCH_USER_PATHS = NO;
				CLANG_CXX_LANGUAGE_STANDARD = "gnu++0x";
				CLANG_CXX_LIBRARY = "libc++";
				CLANG_ENABLE_MODULES = YES;
				CLANG_ENABLE_OBJC_ARC = YES;
				CLANG_WARN_BOOL_CONVERSION = YES;
				CLANG_WARN_CONSTANT_CONVERSION = YES;
				CLANG_WARN_DIRECT_OBJC_ISA_USAGE = YES_ERROR;
				CLANG_WARN_EMPTY_BODY = YES;
				CLANG_WARN_ENUM_CONVERSION = YES;
				CLANG_WARN_INT_CONVERSION = YES;
				CLANG_WARN_OBJC_ROOT_CLASS = YES_ERROR;
				CLANG_WARN_UNREACHABLE_CODE = YES;
				CLANG_WARN__DUPLICATE_METHOD_MATCH = YES;
				"CODE_SIGN_IDENTITY[sdk=iphoneos*]" = "iPhone Developer";
				COPY_PHASE_STRIP = YES;
				ENABLE_NS_ASSERTIONS = NO;
				ENABLE_STRICT_OBJC_MSGSEND = YES;
				GCC_C_LANGUAGE_STANDARD = gnu99;
				GCC_WARN_64_TO_32_BIT_CONVERSION = YES;
				GCC_WARN_ABOUT_RETURN_TYPE = YES_ERROR;
				GCC_WARN_UNDECLARED_SELECTOR = YES;
				GCC_WARN_UNINITIALIZED_AUTOS = YES_AGGRESSIVE;
				GCC_WARN_UNUSED_FUNCTION = YES;
				GCC_WARN_UNUSED_VARIABLE = YES;
				IPHONEOS_DEPLOYMENT_TARGET = 8.1;
				MTL_ENABLE_DEBUG_INFO = NO;
				SDKROOT = iphoneos;
				TARGETED_DEVICE_FAMILY = "1,2";
				VALIDATE_PRODUCT = YES;
			};
			name = Release;
		};
		21C280711A9DE67F007FCE46 /* Debug */ = {
			isa = XCBuildConfiguration;
			buildSettings = {
				ASSETCATALOG_COMPILER_APPICON_NAME = AppIcon;
				INFOPLIST_FILE = sample/Info.plist;
				LD_RUNPATH_SEARCH_PATHS = "$(inherited) @executable_path/Frameworks";
				PRODUCT_NAME = "$(TARGET_NAME)";
			};
			name = Debug;
		};
		21C280721A9DE67F007FCE46 /* Release */ = {
			isa = XCBuildConfiguration;
			buildSettings = {
				ASSETCATALOG_COMPILER_APPICON_NAME = AppIcon;
				INFOPLIST_FILE = sample/Info.plist;
				LD_RUNPATH_SEARCH_PATHS = "$(inherited) @executable_path/Frameworks";
				PRODUCT_NAME = "$(TARGET_NAME)";
			};
			name = Release;
		};
		21C280741A9DE67F007FCE46 /* Debug */ = {
			isa = XCBuildConfiguration;
			buildSettings = {
				BUNDLE_LOADER = "$(TEST_HOST)";
				FRAMEWORK_SEARCH_PATHS = (
					"$(SDKROOT)/Developer/Library/Frameworks",
					"$(inherited)",
				);
				GCC_PREPROCESSOR_DEFINITIONS = (
					"DEBUG=1",
					"$(inherited)",
				);
				INFOPLIST_FILE = sampleTests/Info.plist;
				LD_RUNPATH_SEARCH_PATHS = "$(inherited) @executable_path/Frameworks @loader_path/Frameworks";
				PRODUCT_NAME = "$(TARGET_NAME)";
				TEST_HOST = "$(BUILT_PRODUCTS_DIR)/sample.app/sample";
			};
			name = Debug;
		};
		21C280751A9DE67F007FCE46 /* Release */ = {
			isa = XCBuildConfiguration;
			buildSettings = {
				BUNDLE_LOADER = "$(TEST_HOST)";
				FRAMEWORK_SEARCH_PATHS = (
					"$(SDKROOT)/Developer/Library/Frameworks",
					"$(inherited)",
				);
				INFOPLIST_FILE = sampleTests/Info.plist;
				LD_RUNPATH_SEARCH_PATHS = "$(inherited) @executable_path/Frameworks @loader_path/Frameworks";
				PRODUCT_NAME = "$(TARGET_NAME)";
				TEST_HOST = "$(BUILT_PRODUCTS_DIR)/sample.app/sample";
			};
			name = Release;
		};
/* End XCBuildConfiguration section */

/* Begin XCConfigurationList section */
		21C2804C1A9DE67F007FCE46 /* Build configuration list for PBXProject "sample" */ = {
			isa = XCConfigurationList;
			buildConfigurations = (
				21C2806E1A9DE67F007FCE46 /* Debug */,
				21C2806F1A9DE67F007FCE46 /* Release */,
			);
			defaultConfigurationIsVisible = 0;
			defaultConfigurationName = Release;
		};
		21C280701A9DE67F007FCE46 /* Build configuration list for PBXNativeTarget "sample" */ = {
			isa = XCConfigurationList;
			buildConfigurations = (
				21C280711A9DE67F007FCE46 /* Debug */,
				21C280721A9DE67F007FCE46 /* Release */,
			);
			defaultConfigurationIsVisible = 0;
			defaultConfigurationName = Release;
		};
		21C280731A9DE67F007FCE46 /* Build configuration list for PBXNativeTarget "sampleTests" */ = {
			isa = XCConfigurationList;
			buildConfigurations = (
				21C280741A9DE67F007FCE46 /* Debug */,
				21C280751A9DE67F007FCE46 /* Release */,
			);
			defaultConfigurationIsVisible = 0;
			defaultConfigurationName = Release;
		};
/* End XCConfigurationList section */
	};
	rootObject = 21C280491A9DE67F007FCE46 /* Project object */;
}
